
Microsoft Visual Studio Solution File, Format Version 12.00
# Visual Studio Version 17
VisualStudioVersion = 17.5.33627.172
MinimumVisualStudioVersion = 10.0.40219.1
Project("{FAE04EC0-301F-11D3-BF4B-00C04F79EFBC}") = "DatabaseTesterWebAPI", "DatabaseTesterWebAPI\DatabaseTesterWebAPI.csproj", "{59C02DC0-FC56-45AF-A502-E6A4C65D647D}"
EndProject
Global
	GlobalSection(SolutionConfigurationPlatforms) = preSolution
		Debug|Any CPU = Debug|Any CPU
		Release|Any CPU = Release|Any CPU
	EndGlobalSection
	GlobalSection(ProjectConfigurationPlatforms) = postSolution
		{59C02DC0-FC56-45AF-A502-E6A4C65D647D}.Debug|Any CPU.ActiveCfg = Debug|Any CPU
		{59C02DC0-FC56-45AF-A502-E6A4C65D647D}.Debug|Any CPU.Build.0 = Debug|Any CPU
		{59C02DC0-FC56-45AF-A502-E6A4C65D647D}.Release|Any CPU.ActiveCfg = Release|Any CPU
		{59C02DC0-FC56-45AF-A502-E6A4C65D647D}.Release|Any CPU.Build.0 = Release|Any CPU
	EndGlobalSection
	GlobalSection(SolutionProperties) = preSolution
		HideSolutionNode = FALSE
	EndGlobalSection
	GlobalSection(ExtensibilityGlobals) = postSolution
		SolutionGuid = {9DF33A91-9E4C-4320-9562-1B0C1117F0E8}
	EndGlobalSection
EndGlobal
